
Microsoft Visual Studio Solution File, Format Version 12.00
# Visual Studio Version 17
VisualStudioVersion = 17.9.34622.214
MinimumVisualStudioVersion = 10.0.40219.1
Project("{9A19103F-16F7-4668-BE54-9A1E7A4F7556}") = "JobSearch.WEB", "JobSearch.WEB\JobSearch.WEB.csproj", "{46CB7C90-0845-4AF6-9ACF-2FC5C3364BBA}"
	ProjectSection(ProjectDependencies) = postProject
		{E11693D8-EB26-476A-8CE0-4B029305FAA6} = {E11693D8-EB26-476A-8CE0-4B029305FAA6}
	EndProjectSection
EndProject
Project("{9A19103F-16F7-4668-BE54-9A1E7A4F7556}") = "JobSearch.BLL", "JobSearch.BLL\JobSearch.BLL.csproj", "{E11693D8-EB26-476A-8CE0-4B029305FAA6}"
EndProject
Project("{FAE04EC0-301F-11D3-BF4B-00C04F79EFBC}") = "JobSearch.DAL", "JobSearch.DAL\JobSearch.DAL.csproj", "{024E0AFE-481E-447A-9F34-9042A9EAD581}"
EndProject
Global
	GlobalSection(SolutionConfigurationPlatforms) = preSolution
		Debug|Any CPU = Debug|Any CPU
		Release|Any CPU = Release|Any CPU
	EndGlobalSection
	GlobalSection(ProjectConfigurationPlatforms) = postSolution
		{46CB7C90-0845-4AF6-9ACF-2FC5C3364BBA}.Debug|Any CPU.ActiveCfg = Debug|Any CPU
		{46CB7C90-0845-4AF6-9ACF-2FC5C3364BBA}.Debug|Any CPU.Build.0 = Debug|Any CPU
		{46CB7C90-0845-4AF6-9ACF-2FC5C3364BBA}.Release|Any CPU.ActiveCfg = Release|Any CPU
		{46CB7C90-0845-4AF6-9ACF-2FC5C3364BBA}.Release|Any CPU.Build.0 = Release|Any CPU
		{E11693D8-EB26-476A-8CE0-4B029305FAA6}.Debug|Any CPU.ActiveCfg = Debug|Any CPU
		{E11693D8-EB26-476A-8CE0-4B029305FAA6}.Debug|Any CPU.Build.0 = Debug|Any CPU
		{E11693D8-EB26-476A-8CE0-4B029305FAA6}.Release|Any CPU.ActiveCfg = Release|Any CPU
		{E11693D8-EB26-476A-8CE0-4B029305FAA6}.Release|Any CPU.Build.0 = Release|Any CPU
		{024E0AFE-481E-447A-9F34-9042A9EAD581}.Debug|Any CPU.ActiveCfg = Debug|Any CPU
		{024E0AFE-481E-447A-9F34-9042A9EAD581}.Debug|Any CPU.Build.0 = Debug|Any CPU
		{024E0AFE-481E-447A-9F34-9042A9EAD581}.Release|Any CPU.ActiveCfg = Release|Any CPU
		{024E0AFE-481E-447A-9F34-9042A9EAD581}.Release|Any CPU.Build.0 = Release|Any CPU
	EndGlobalSection
	GlobalSection(SolutionProperties) = preSolution
		HideSolutionNode = FALSE
	EndGlobalSection
	GlobalSection(ExtensibilityGlobals) = postSolution
		SolutionGuid = {3C931C66-B966-4179-8B27-B0FE2887917E}
	EndGlobalSection
EndGlobal
